
Microsoft Visual Studio Solution File, Format Version 12.00
# Visual Studio Version 17
VisualStudioVersion = 17.6.33829.357
MinimumVisualStudioVersion = 10.0.40219.1
Project("{FAE04EC0-301F-11D3-BF4B-00C04F79EFBC}") = "Calculator", "Calculator\Calculator.csproj", "{CA8FB9A0-3667-4802-8FE3-8560E29F4C13}"
EndProject
Global
	GlobalSection(SolutionConfigurationPlatforms) = preSolution
		Debug|Any CPU = Debug|Any CPU
		Release|Any CPU = Release|Any CPU
	EndGlobalSection
	GlobalSection(ProjectConfigurationPlatforms) = postSolution
		{CA8FB9A0-3667-4802-8FE3-8560E29F4C13}.Debug|Any CPU.ActiveCfg = Debug|Any CPU
		{CA8FB9A0-3667-4802-8FE3-8560E29F4C13}.Debug|Any CPU.Build.0 = Debug|Any CPU
		{CA8FB9A0-3667-4802-8FE3-8560E29F4C13}.Release|Any CPU.ActiveCfg = Release|Any CPU
		{CA8FB9A0-3667-4802-8FE3-8560E29F4C13}.Release|Any CPU.Build.0 = Release|Any CPU
	EndGlobalSection
	GlobalSection(SolutionProperties) = preSolution
		HideSolutionNode = FALSE
	EndGlobalSection
	GlobalSection(ExtensibilityGlobals) = postSolution
		SolutionGuid = {0F95F87C-199A-441B-A78E-365AA28114EB}
	EndGlobalSection
EndGlobal
